
Microsoft Visual Studio Solution File, Format Version 12.00
# Visual Studio Version 17
VisualStudioVersion = 17.5.002.0
MinimumVisualStudioVersion = 10.0.40219.1
Project("{9A19103F-16F7-4668-BE54-9A1E7A4F7556}") = "DesafioPOO", "DesafioPOO.csproj", "{C2B028F3-B6BE-437C-A5A7-03EBF48EE798}"
EndProject
Global
	GlobalSection(SolutionConfigurationPlatforms) = preSolution
		Debug|Any CPU = Debug|Any CPU
		Release|Any CPU = Release|Any CPU
	EndGlobalSection
	GlobalSection(ProjectConfigurationPlatforms) = postSolution
		{C2B028F3-B6BE-437C-A5A7-03EBF48EE798}.Debug|Any CPU.ActiveCfg = Debug|Any CPU
		{C2B028F3-B6BE-437C-A5A7-03EBF48EE798}.Debug|Any CPU.Build.0 = Debug|Any CPU
		{C2B028F3-B6BE-437C-A5A7-03EBF48EE798}.Release|Any CPU.ActiveCfg = Release|Any CPU
		{C2B028F3-B6BE-437C-A5A7-03EBF48EE798}.Release|Any CPU.Build.0 = Release|Any CPU
	EndGlobalSection
	GlobalSection(SolutionProperties) = preSolution
		HideSolutionNode = FALSE
	EndGlobalSection
	GlobalSection(ExtensibilityGlobals) = postSolution
		SolutionGuid = {88E77C4E-682C-4E87-84AE-383202623F19}
	EndGlobalSection
EndGlobal
